
Microsoft Visual Studio Solution File, Format Version 12.00
# Visual Studio Version 16
VisualStudioVersion = 16.0.31205.134
MinimumVisualStudioVersion = 10.0.40219.1
Project("{9A19103F-16F7-4668-BE54-9A1E7A4F7556}") = "BookStore.API", "BookStore\BookStore.API.csproj", "{EAE19288-3DFB-4221-9823-4D78D4D10DBA}"
EndProject
Project("{2150E333-8FDC-42A3-9474-1A3956D46DE8}") = "BookStore.Services", "BookStore.Services", "{36990EC9-2B51-49A4-8941-58190F06B3D4}"
EndProject
Project("{9A19103F-16F7-4668-BE54-9A1E7A4F7556}") = "BookStore.Services", "BookStore.Domain\BookStore.Services.csproj", "{678053F9-09DC-49CB-9F86-4BF98B0FC82C}"
EndProject
Project("{2150E333-8FDC-42A3-9474-1A3956D46DE8}") = "BookStore.Repository", "BookStore.Repository", "{8CE69238-3FD6-4087-A87E-2FD2BEEE02D4}"
EndProject
Project("{9A19103F-16F7-4668-BE54-9A1E7A4F7556}") = "BookStore.Repository", "BookStore.Repository\BookStore.Repository.csproj", "{F8C9AEF6-E8F5-4B49-B4FF-8F7B5DFFB01B}"
EndProject
Project("{2150E333-8FDC-42A3-9474-1A3956D46DE8}") = "BookStore.API", "BookStore.API", "{35A8AD52-51AF-40E1-A96E-21BF02A60471}"
EndProject
Project("{2150E333-8FDC-42A3-9474-1A3956D46DE8}") = "BookStore.UI", "BookStore.UI", "{97AC7B21-440B-4323-AF3F-339C1BFA34DA}"
EndProject
Project("{2150E333-8FDC-42A3-9474-1A3956D46DE8}") = "CrossCuttingConcerns", "CrossCuttingConcerns", "{FE9206E7-2DF5-41F2-9104-F2BB8B596287}"
EndProject
Project("{FAE04EC0-301F-11D3-BF4B-00C04F79EFBC}") = "CrossCuttingConcerns", "CrossCuttingConcerns\CrossCuttingConcerns.csproj", "{3FBF7975-2401-40F9-8C0A-4D55E6A2B6CC}"
EndProject
Global
	GlobalSection(SolutionConfigurationPlatforms) = preSolution
		Debug|Any CPU = Debug|Any CPU
		Release|Any CPU = Release|Any CPU
	EndGlobalSection
	GlobalSection(ProjectConfigurationPlatforms) = postSolution
		{EAE19288-3DFB-4221-9823-4D78D4D10DBA}.Debug|Any CPU.ActiveCfg = Debug|Any CPU
		{EAE19288-3DFB-4221-9823-4D78D4D10DBA}.Debug|Any CPU.Build.0 = Debug|Any CPU
		{EAE19288-3DFB-4221-9823-4D78D4D10DBA}.Release|Any CPU.ActiveCfg = Release|Any CPU
		{EAE19288-3DFB-4221-9823-4D78D4D10DBA}.Release|Any CPU.Build.0 = Release|Any CPU
		{678053F9-09DC-49CB-9F86-4BF98B0FC82C}.Debug|Any CPU.ActiveCfg = Debug|Any CPU
		{678053F9-09DC-49CB-9F86-4BF98B0FC82C}.Debug|Any CPU.Build.0 = Debug|Any CPU
		{678053F9-09DC-49CB-9F86-4BF98B0FC82C}.Release|Any CPU.ActiveCfg = Release|Any CPU
		{678053F9-09DC-49CB-9F86-4BF98B0FC82C}.Release|Any CPU.Build.0 = Release|Any CPU
		{F8C9AEF6-E8F5-4B49-B4FF-8F7B5DFFB01B}.Debug|Any CPU.ActiveCfg = Debug|Any CPU
		{F8C9AEF6-E8F5-4B49-B4FF-8F7B5DFFB01B}.Debug|Any CPU.Build.0 = Debug|Any CPU
		{F8C9AEF6-E8F5-4B49-B4FF-8F7B5DFFB01B}.Release|Any CPU.ActiveCfg = Release|Any CPU
		{F8C9AEF6-E8F5-4B49-B4FF-8F7B5DFFB01B}.Release|Any CPU.Build.0 = Release|Any CPU
		{3FBF7975-2401-40F9-8C0A-4D55E6A2B6CC}.Debug|Any CPU.ActiveCfg = Debug|Any CPU
		{3FBF7975-2401-40F9-8C0A-4D55E6A2B6CC}.Debug|Any CPU.Build.0 = Debug|Any CPU
		{3FBF7975-2401-40F9-8C0A-4D55E6A2B6CC}.Release|Any CPU.ActiveCfg = Release|Any CPU
		{3FBF7975-2401-40F9-8C0A-4D55E6A2B6CC}.Release|Any CPU.Build.0 = Release|Any CPU
	EndGlobalSection
	GlobalSection(SolutionProperties) = preSolution
		HideSolutionNode = FALSE
	EndGlobalSection
	GlobalSection(NestedProjects) = preSolution
		{EAE19288-3DFB-4221-9823-4D78D4D10DBA} = {35A8AD52-51AF-40E1-A96E-21BF02A60471}
		{678053F9-09DC-49CB-9F86-4BF98B0FC82C} = {36990EC9-2B51-49A4-8941-58190F06B3D4}
		{F8C9AEF6-E8F5-4B49-B4FF-8F7B5DFFB01B} = {8CE69238-3FD6-4087-A87E-2FD2BEEE02D4}
		{3FBF7975-2401-40F9-8C0A-4D55E6A2B6CC} = {FE9206E7-2DF5-41F2-9104-F2BB8B596287}
	EndGlobalSection
	GlobalSection(ExtensibilityGlobals) = postSolution
		SolutionGuid = {6F540106-D2DE-4166-BD16-4CFC1E21CE12}
	EndGlobalSection
EndGlobal
