
Microsoft Visual Studio Solution File, Format Version 12.00
# Visual Studio Version 16
VisualStudioVersion = 16.0.31205.134
MinimumVisualStudioVersion = 10.0.40219.1
Project("{FAE04EC0-301F-11D3-BF4B-00C04F79EFBC}") = "BookStore", "BookStore\BookStore.csproj", "{EAE19288-3DFB-4221-9823-4D78D4D10DBA}"
EndProject
Global
	GlobalSection(SolutionConfigurationPlatforms) = preSolution
		Debug|Any CPU = Debug|Any CPU
		Release|Any CPU = Release|Any CPU
	EndGlobalSection
	GlobalSection(ProjectConfigurationPlatforms) = postSolution
		{EAE19288-3DFB-4221-9823-4D78D4D10DBA}.Debug|Any CPU.ActiveCfg = Debug|Any CPU
		{EAE19288-3DFB-4221-9823-4D78D4D10DBA}.Debug|Any CPU.Build.0 = Debug|Any CPU
		{EAE19288-3DFB-4221-9823-4D78D4D10DBA}.Release|Any CPU.ActiveCfg = Release|Any CPU
		{EAE19288-3DFB-4221-9823-4D78D4D10DBA}.Release|Any CPU.Build.0 = Release|Any CPU
	EndGlobalSection
	GlobalSection(SolutionProperties) = preSolution
		HideSolutionNode = FALSE
	EndGlobalSection
	GlobalSection(ExtensibilityGlobals) = postSolution
		SolutionGuid = {6F540106-D2DE-4166-BD16-4CFC1E21CE12}
	EndGlobalSection
EndGlobal
